
Microsoft Visual Studio Solution File, Format Version 12.00
# Visual Studio 2015
Project("{FAE04EC0-301F-11D3-BF4B-00C04F79EFBC}") = "MED10.CSharp", "MED10.CSharp.csproj", "{EE9D1C39-D051-FBA9-D9D6-B479A76AD10A}"
EndProject
Global
	GlobalSection(SolutionConfigurationPlatforms) = preSolution
		Debug|Any CPU = Debug|Any CPU
		Release|Any CPU = Release|Any CPU
	EndGlobalSection
	GlobalSection(ProjectConfigurationPlatforms) = postSolution
		{EE9D1C39-D051-FBA9-D9D6-B479A76AD10A}.Debug|Any CPU.ActiveCfg = Debug|Any CPU
		{EE9D1C39-D051-FBA9-D9D6-B479A76AD10A}.Debug|Any CPU.Build.0 = Debug|Any CPU
		{EE9D1C39-D051-FBA9-D9D6-B479A76AD10A}.Release|Any CPU.ActiveCfg = Release|Any CPU
		{EE9D1C39-D051-FBA9-D9D6-B479A76AD10A}.Release|Any CPU.Build.0 = Release|Any CPU
	EndGlobalSection
	GlobalSection(SolutionProperties) = preSolution
		HideSolutionNode = FALSE
	EndGlobalSection
EndGlobal
