Microsoft Visual Studio Solution File, Format Version 11.00
# Visual Studio 2008

Project("{55B60952-10AF-C65C-3134-4F9158FBAAA7}") = "MED10", "Assembly-CSharp.csproj", "{37346E96-C666-AD8B-CAA5-458639080602}"
EndProject
Global
	GlobalSection(SolutionConfigurationPlatforms) = preSolution
		Debug|Any CPU = Debug|Any CPU
		Release|Any CPU = Release|Any CPU
	EndGlobalSection
	GlobalSection(ProjectConfigurationPlatforms) = postSolution
		{37346E96-C666-AD8B-CAA5-458639080602}.Debug|Any CPU.ActiveCfg = Debug|Any CPU
		{37346E96-C666-AD8B-CAA5-458639080602}.Debug|Any CPU.Build.0 = Debug|Any CPU
		{37346E96-C666-AD8B-CAA5-458639080602}.Release|Any CPU.ActiveCfg = Release|Any CPU
		{37346E96-C666-AD8B-CAA5-458639080602}.Release|Any CPU.Build.0 = Release|Any CPU
	EndGlobalSection
	GlobalSection(SolutionProperties) = preSolution
		HideSolutionNode = FALSE
	EndGlobalSection
	GlobalSection(MonoDevelopProperties) = preSolution
		StartupItem = Assembly-CSharp.csproj
	EndGlobalSection
EndGlobal
